{
  "version": "2",
  "remote": {
    "https://cdn.skypack.dev/-/indexeddbshim@v9.0.0-QVaW8rBIOGlJegwkWTsK/dist=es2020,mode=imports/unoptimized/dist/indexeddbshim-noninvasive.js": "036e9191db93ef296b84a8a59192d4851f231e3b76a638543491cf81fe08b666",
    "https://cdn.skypack.dev/-/json5@v2.2.3-595sOcismSLIYZuuBGYo/dist=es2019,mode=imports/optimized/json5.js": "e3902909af865e1bab65bf170d79bc0d6f72f2c3626601aed12d9b0aaee3169c",
    "https://cdn.skypack.dev/-/regenerator-runtime@v0.13.9-4Dxus9nU31cBsHxnWq2H/dist=es2020,mode=imports/optimized/regenerator-runtime.js": "9d5c28ca64c45a9e606d5f3b35aec61568ed451495968171c8cc3ef1923cb7fe",
    "https://cdn.skypack.dev/json5": "9e731bca7ee24e6532af2f3745357ff72c9be405ebb2b0eba8489e589ba13ee8",
    "https://cdn.skypack.dev/pin/indexeddbshim@v9.0.0-QVaW8rBIOGlJegwkWTsK/mode=imports/unoptimized/dist/indexeddbshim-noninvasive.js": "978a698ccf50ce19735b1da6cad00277cc8fc790610df183c61c2f9cc1df9c9b",
    "https://cdn.skypack.dev/pin/regenerator-runtime@v0.13.9-4Dxus9nU31cBsHxnWq2H/mode=imports/optimized/regenerator-runtime.js": "091dd6c5266025b80081cdd5bbadd9f6e03cad950c8a16c7454b58d77b422253",
    "https://deno.land/std@0.136.0/_util/assert.ts": "e94f2eb37cebd7f199952e242c77654e43333c1ac4c5c700e929ea3aa5489f74",
    "https://deno.land/std@0.136.0/_util/os.ts": "49b92edea1e82ba295ec946de8ffd956ed123e2948d9bd1d3e901b04e4307617",
    "https://deno.land/std@0.136.0/path/_constants.ts": "df1db3ffa6dd6d1252cc9617e5d72165cd2483df90e93833e13580687b6083c3",
    "https://deno.land/std@0.136.0/path/_interface.ts": "ee3b431a336b80cf445441109d089b70d87d5e248f4f90ff906820889ecf8d09",
    "https://deno.land/std@0.136.0/path/_util.ts": "c1e9686d0164e29f7d880b2158971d805b6e0efc3110d0b3e24e4b8af2190d2b",
    "https://deno.land/std@0.136.0/path/common.ts": "bee563630abd2d97f99d83c96c2fa0cca7cee103e8cb4e7699ec4d5db7bd2633",
    "https://deno.land/std@0.136.0/path/glob.ts": "cb5255638de1048973c3e69e420c77dc04f75755524cb3b2e160fe9277d939ee",
    "https://deno.land/std@0.136.0/path/mod.ts": "4275129bb766f0e475ecc5246aa35689eeade419d72a48355203f31802640be7",
    "https://deno.land/std@0.136.0/path/posix.ts": "293cdaec3ecccec0a9cc2b534302dfe308adb6f10861fa183275d6695faace44",
    "https://deno.land/std@0.136.0/path/separator.ts": "fe1816cb765a8068afb3e8f13ad272351c85cbc739af56dacfc7d93d710fe0f9",
    "https://deno.land/std@0.136.0/path/win32.ts": "31811536855e19ba37a999cd8d1b62078235548d67902ece4aa6b814596dd757",
    "https://deno.land/std@0.165.0/_util/asserts.ts": "d0844e9b62510f89ce1f9878b046f6a57bf88f208a10304aab50efcb48365272",
    "https://deno.land/std@0.165.0/flags/mod.ts": "3b459daf581e047819b6b799c92b96c81b4eecbd5ea025643d54dc0abc6ac923",
    "https://deno.land/std@0.168.0/_util/asserts.ts": "d0844e9b62510f89ce1f9878b046f6a57bf88f208a10304aab50efcb48365272",
    "https://deno.land/std@0.168.0/flags/mod.ts": "4f50ec6383c02684db35de38b3ffb2cd5b9fcfcc0b1147055d1980c49e82521c",
    "https://deno.land/std@0.172.0/_util/asserts.ts": "178dfc49a464aee693a7e285567b3d0b555dc805ff490505a8aae34f9cfb1462",
    "https://deno.land/std@0.172.0/_util/os.ts": "d932f56d41e4f6a6093d56044e29ce637f8dcc43c5a90af43504a889cf1775e3",
    "https://deno.land/std@0.172.0/path/_constants.ts": "e49961f6f4f48039c0dfed3c3f93e963ca3d92791c9d478ac5b43183413136e0",
    "https://deno.land/std@0.172.0/path/_interface.ts": "6471159dfbbc357e03882c2266d21ef9afdb1e4aa771b0545e90db58a0ba314b",
    "https://deno.land/std@0.172.0/path/_util.ts": "86c2375a996c1931b2f2ac71fefd5ddf0cf0e579fa4ab12d3e4c552d4223b8d8",
    "https://deno.land/std@0.172.0/path/common.ts": "ee7505ab01fd22de3963b64e46cff31f40de34f9f8de1fff6a1bd2fe79380000",
    "https://deno.land/std@0.172.0/path/glob.ts": "d479e0a695621c94d3fd7fe7abd4f9499caf32a8de13f25073451c6ef420a4e1",
    "https://deno.land/std@0.172.0/path/mod.ts": "4b83694ac500d7d31b0cdafc927080a53dc0c3027eb2895790fb155082b0d232",
    "https://deno.land/std@0.172.0/path/posix.ts": "0874b341c2c6968ca38d323338b8b295ea1dae10fa872a768d812e2e7d634789",
    "https://deno.land/std@0.172.0/path/separator.ts": "0fb679739d0d1d7bf45b68dacfb4ec7563597a902edbaf3c59b50d5bcadd93b1",
    "https://deno.land/std@0.172.0/path/win32.ts": "672942919dd66ce1b8c224e77d3447e2ad8254eaff13fe6946420a9f78fa141e",
    "https://deno.land/std@0.180.0/async/abortable.ts": "73acfb3ed7261ce0d930dbe89e43db8d34e017b063cf0eaa7d215477bf53442e",
    "https://deno.land/std@0.180.0/async/deadline.ts": "c5facb0b404eede83e38bd2717ea8ab34faa2ffb20ef87fd261fcba32ba307aa",
    "https://deno.land/std@0.180.0/async/debounce.ts": "adab11d04ca38d699444ac8a9d9856b4155e8dda2afd07ce78276c01ea5a4332",
    "https://deno.land/std@0.180.0/async/deferred.ts": "42790112f36a75a57db4a96d33974a936deb7b04d25c6084a9fa8a49f135def8",
    "https://deno.land/std@0.180.0/async/delay.ts": "73aa04cec034c84fc748c7be49bb15cac3dd43a57174bfdb7a4aec22c248f0dd",
    "https://deno.land/std@0.180.0/async/mod.ts": "f04344fa21738e5ad6bea37a6bfffd57c617c2d372bb9f9dcfd118a1b622e576",
    "https://deno.land/std@0.180.0/async/mux_async_iterator.ts": "70c7f2ee4e9466161350473ad61cac0b9f115cff4c552eaa7ef9d50c4cbb4cc9",
    "https://deno.land/std@0.180.0/async/pool.ts": "fd082bd4aaf26445909889435a5c74334c017847842ec035739b4ae637ae8260",
    "https://deno.land/std@0.180.0/async/retry.ts": "5efa3ba450ac0c07a40a82e2df296287b5013755d232049efd7ea2244f15b20f",
    "https://deno.land/std@0.180.0/async/tee.ts": "47e42d35f622650b02234d43803d0383a89eb4387e1b83b5a40106d18ae36757",
    "https://deno.land/x/deno_doc@0.58.0/lib/deno_doc.generated.js": "837d76d1c65fe057275ed96baf34fc3a7542a6eecc02903bf3521d9b32ea8f8c",
    "https://deno.land/x/deno_doc@0.58.0/lib/types.d.ts": "3209924f5910071234913d91323a786ee24c52dfb93e17d209854376f5f85dfb",
    "https://deno.land/x/deno_doc@0.58.0/mod.ts": "4ee88f538c1497eb11f496451f87a1a90473201d59e2b4a8b66fa674d57584b7",
    "https://deno.land/x/deno_graph@0.43.1/lib/deno_graph_wasm.generated.js": "e189d0684b5b6f6b6faa23bc091a78e3913793f1096a5514369e802dda9eade9",
    "https://deno.land/x/deno_graph@0.43.1/lib/loader.ts": "a2e757383908f4a51659fe1b1203386887ebb17756bac930a64856d613d8d57d",
    "https://deno.land/x/deno_graph@0.43.1/lib/media_type.ts": "a89a1b38d07c160e896de9ceb99285ba8391940140558304171066b5c3ef7609",
    "https://deno.land/x/deno_graph@0.43.1/lib/types.d.ts": "29dd92165cc3107a3ff3234a16742c7a7ea2ee21e330c71cc4c9d8b7a5397c41",
    "https://deno.land/x/deno_graph@0.43.1/mod.ts": "50e494fa1c9a286c4f9f161eb8cad5670d1fd11f07d26d5c7e88c813cf214a69",
    "https://deno.land/x/indexeddb@1.3.5/lib/indexeddb.ts": "6d8eeec0c4074ed2e3ed5ae3c99e3b66703f772c791279d052680fe3b334de2d",
    "https://deno.land/x/indexeddb@1.3.5/lib/indexeddb_global.ts": "7bec428dcf95b36a61b8acec5b5c943fb33a86815bff57458ada59e1642dfbe3",
    "https://deno.land/x/input@2.0.3/history.ts": "3cad3fee1e2f86d4202ca6ab49f1a5609aff2323ff762cc637e1da3edbef9608",
    "https://deno.land/x/input@2.0.3/index.ts": "f9539661733886f9497873a640a79be4f996ea2d40408b68e74691353f5a5539",
    "https://deno.land/x/input@2.0.3/printer.ts": "60339de0f3d98ca9ad2cb4e3b047d0b680e27ed7ceb987d82d96fc00f7ab04d1",
    "https://deno.land/x/input@2.0.3/types.ts": "915079a7187073c9c9c99863ab4e4a4c7341e25bf5d4a2e02c33f8b896dd0c69",
    "https://deno.land/x/json5@v1.0.0/mod.ts": "0975ee46086985b2e354e901d052f50b3c4b0ed828d0563492b6a02589402574",
    "https://deno.land/x/mimetypes@v1.0.0/mod.ts": "abd1ea614b32cfa7fd50b46f6e070617696664698b8a34935dc807f3035ad408",
    "https://deno.land/x/mimetypes@v1.0.0/src/mime.ts": "7cd7590eae6127dc1abfe710900fc749e94d5c715ffe8a148e59fe20ee21a9a5",
    "https://deno.land/x/sqlite@v3.3.0/build/sqlite.d.ts": "b52e6b5ea2e0517750be2ea1eae8da0edd5056c1f285247aa1c0153f4ef504ec",
    "https://deno.land/x/sqlite@v3.3.0/build/sqlite.js": "0b74712a5db206aa399f9833c40fd08eb24dfaff5dee77749e4bcadb333ec676",
    "https://deno.land/x/sqlite@v3.3.0/build/vfs.js": "baff72655c0916c906327fe6703c6a47daa1346e55c2eaa2629bcd879a673c8d",
    "https://deno.land/x/sqlite@v3.3.0/mod.ts": "eb55ff3e103826ee735fa1a8ec2db6e96c8fec826faf198239c66a0fe635c4b6",
    "https://deno.land/x/sqlite@v3.3.0/src/constants.ts": "b967237b460fafa03ca03aeddb33953bed41c7cbdc309a934e2329a5c84079ac",
    "https://deno.land/x/sqlite@v3.3.0/src/db.ts": "59b9c4fbe733da0e512dcd6b1f1f6a5ac8b165b565505670e9b81a73803dd36a",
    "https://deno.land/x/sqlite@v3.3.0/src/error.ts": "abf9df169951faf8c21a68d99ef9efd257c788c19784f27dd147507fbdfe5fe7",
    "https://deno.land/x/sqlite@v3.3.0/src/query.ts": "df4d3d6b23d52b36243dd47c07ed6ed7cd23f7834a0f6a2f2c6dbffba63d4c28",
    "https://deno.land/x/sqlite@v3.3.0/src/wasm.ts": "e79d0baa6e42423257fb3c7cc98091c54399254867e0f34a09b5bdef37bd9487",
    "https://deno.land/x/websql@1.3.2/deps.ts": "2bda07c0ee0eae5f23b5dde415c983c59fb945256f5a9026402eb9118945c025",
    "https://deno.land/x/websql@1.3.2/mod.ts": "e7a44b9f376761e5592facd30ed27acae47633275a32eed57cd64f16a461222f",
    "https://deno.land/x/websql@1.3.2/src/Database.ts": "ed5f8ae33165d2dd9c3ea1be0b427377628f9437bfe49bfabc32efb3908dc1d5",
    "https://deno.land/x/websql@1.3.2/src/SQLResultSet.ts": "fcd83582439c0032794fa26bbbe9e47790467fa5ef1cba1c8a9fddb334f23bf1",
    "https://deno.land/x/websql@1.3.2/src/SQLResultSetRowList.ts": "d13bda459cc73bc7e4d596a0411f1e4647d1204a8fddfd42a51720a20d4bf562",
    "https://deno.land/x/websql@1.3.2/src/SQLTransaction.ts": "bda17665d54793976957af94a300834e5f07ee546d67e919f14da2a7f77fc797",
    "https://deno.land/x/websql@1.3.2/src/SQLiteDBCache.ts": "0c5a67598e39e54c317b40fff3ffc9945e5a9ed0b0c91b5d8a2b379d59c4f4a4",
    "https://dev.cdn.unyt.org/unyt_core/compiler/binary_codes.ts": "10bab201ad58572f9db746a4f4bc51e2b58e845707bc38a2502a0266005ad5ec",
    "https://dev.cdn.unyt.org/unyt_core/compiler/compiler.ts": "255462852a98aa913a3322a3fb9d7a3a7215713454ecd2cc95a2862aaf25bc0e",
    "https://dev.cdn.unyt.org/unyt_core/compiler/protocol_types.ts": "98114be167ae672773d6176b6014e1710838d6bcb81a3686c1525e95e18fb815",
    "https://dev.cdn.unyt.org/unyt_core/compiler/tokens_regex.ts": "075d9d40aae27cd32e755b547b80172b8b98d735da282a08ca63fb4c79496a6d",
    "https://dev.cdn.unyt.org/unyt_core/compiler/unit_codes.ts": "0da02d162eed5583c30130eea7d3f013bc09e1c5e274d1b3c41566cb71ef22a1",
    "https://dev.cdn.unyt.org/unyt_core/datex.ts": "bc94810795da30f8c5494a194788e622e2aef29d1a4ab0d229d2987442dd5789",
    "https://dev.cdn.unyt.org/unyt_core/datex_all.ts": "baf2b9b412dafecfe083895e1a6fcab81598995a366f3b62974e470437c74f98",
    "https://dev.cdn.unyt.org/unyt_core/datex_short.ts": "6aa791c757e4f1690c329fa864922110eb89dbbe317ab327679b538e0167bf45",
    "https://dev.cdn.unyt.org/unyt_core/js_adapter/js_class_adapter.ts": "a1e64f4f64f6a4ac6a5d5859ec7098ce35b768527faf6212949e0b43b4509198",
    "https://dev.cdn.unyt.org/unyt_core/js_adapter/legacy_decorators.ts": "bc18e0d5833fd80e3a2205fb1574bf55aaa396d490a8a89626755fce6c4b0c83",
    "https://dev.cdn.unyt.org/unyt_core/lib/localforage/drivers/indexeddb.js": "94a6cfe0f3bfbe677bae59127c991405d68c4c54ae4d3dbbdb56072a471ece02",
    "https://dev.cdn.unyt.org/unyt_core/lib/localforage/drivers/localstorage.js": "62f07f7063c3ff385f307b0cf84f8daf10e3896b623e720c39ee5daab68863d1",
    "https://dev.cdn.unyt.org/unyt_core/lib/localforage/drivers/websql.js": "5c69bdff0af1cbc3103feb76964490817e221091dc3ae573c8f9a94a78437609",
    "https://dev.cdn.unyt.org/unyt_core/lib/localforage/localforage.js": "8bde4fb43ce0bfe34b9f7b7362be63a9674628192718af25b7eabfc2ba7da385",
    "https://dev.cdn.unyt.org/unyt_core/lib/localforage/utils/createBlob.js": "14dd379f079966554b93c6982f6a57b6334d39d500d14592a90a25f057ffb1a0",
    "https://dev.cdn.unyt.org/unyt_core/lib/localforage/utils/executeCallback.js": "385bde0bcbeb7bb0916a18f9fa13e087bef6e8c73322c6cea921a7d2a9faaf76",
    "https://dev.cdn.unyt.org/unyt_core/lib/localforage/utils/executeTwoCallbacks.js": "0ab6f19a2645c8af6657c55faba1760de0510706d5f0ad7c433a9a28a8f22b8b",
    "https://dev.cdn.unyt.org/unyt_core/lib/localforage/utils/getCallback.js": "7c6d36433132aa416fce88915f004fa4a5520a70bb6c3cc775b1da9373bba25b",
    "https://dev.cdn.unyt.org/unyt_core/lib/localforage/utils/idb.js": "1e7f31e75cab1bd86f475db87faa3b469b07b24503d60840a4902b7b4c38f768",
    "https://dev.cdn.unyt.org/unyt_core/lib/localforage/utils/includes.js": "6a2598464f6b0ada6d9442b86c6339aa307a155b9be15eaea38c5d343da8c5ce",
    "https://dev.cdn.unyt.org/unyt_core/lib/localforage/utils/isArray.js": "33b7af80a36b73e20fb8464e91d4a398477d4ea47a7f8f077dafd99e53d647fb",
    "https://dev.cdn.unyt.org/unyt_core/lib/localforage/utils/isIndexedDBValid.js": "758336bc6f5630f74b2c902de4f56f0bed015d71369e0d67bd4fbf480607cd57",
    "https://dev.cdn.unyt.org/unyt_core/lib/localforage/utils/isLocalStorageValid.js": "64e1fa95986ff2dc2aa66b6f064ac72bc06cc56fa28d3c3dd0ea18cc5aa0df7c",
    "https://dev.cdn.unyt.org/unyt_core/lib/localforage/utils/isWebSQLValid.js": "a2cb2bc344ad4fc3d9bd66e59b03765d15e5695896be5ef43ddf7c00c8005090",
    "https://dev.cdn.unyt.org/unyt_core/lib/localforage/utils/normalizeKey.js": "57ed80a6f574511682e1575ebcb8cfe57652bddb36252642372168312d054082",
    "https://dev.cdn.unyt.org/unyt_core/lib/localforage/utils/promise.js": "553a6e73bfe59e43390c7f88514574d4284eef5e34ce7cdbf93c3d9c6347c559",
    "https://dev.cdn.unyt.org/unyt_core/lib/localforage/utils/serializer.js": "5960c40deb26d81ca4841c9fe829a5305ea09bfd3d9deb6c1d74875934923b03",
    "https://dev.cdn.unyt.org/unyt_core/lib/marked.js": "0a1fa6c8bbe5f691c8d5bed2041fdfb9e22494bd3caca2cbc076cb142c19b014",
    "https://dev.cdn.unyt.org/unyt_core/lib/reflect-metadata/Reflect.js": "4a581d003724a81158790c8864804545c84af25b8635406047c0069c8ebd2e01",
    "https://dev.cdn.unyt.org/unyt_core/network/blockchain_adapter.ts": "e67169d79a5046c1915e6fa0a4892e554c9030fff301ba64a9c57c39f73d0a9c",
    "https://dev.cdn.unyt.org/unyt_core/network/client.ts": "10dc73d87bd315a082bb3e70ef1c33b053f86240d793ebae0f719ebafc4f6ba6",
    "https://dev.cdn.unyt.org/unyt_core/network/network_utils.ts": "531615aa700a8d10e0bfaa3c8f79c247f98e69add0005a2898c532ae3d0a57d2",
    "https://dev.cdn.unyt.org/unyt_core/network/supranet.ts": "a33be70d264f3dd2d7bb37ebf6880984e097ba62294e11980efbf475db21a282",
    "https://dev.cdn.unyt.org/unyt_core/network/unyt.ts": "79f94a3bdd1cae7fb722346ee36dc9045b71bc93e8e744242054db566424d180",
    "https://dev.cdn.unyt.org/unyt_core/runtime/cache_path.ts": "e920bba23373f2a61e549a7ad090eb4f4f87cdcc7ee5a19c6c1e135c91ee3957",
    "https://dev.cdn.unyt.org/unyt_core/runtime/cli.ts": "65ad75723caad901cd0fea4731e3c206f2a2a63a65d6ee980354b70490236164",
    "https://dev.cdn.unyt.org/unyt_core/runtime/constants.ts": "8eeaff1c3379560bc55209cb90517b5ccbe8132b9601d28d2473d314dc404a76",
    "https://dev.cdn.unyt.org/unyt_core/runtime/crypto.ts": "affdddd34bb08d23b1ad32e9f0c9a3a362dd4ddca83199245261748a1aca82ea",
    "https://dev.cdn.unyt.org/unyt_core/runtime/debugger.ts": "ad1b12229b5d8749107e12a5b6c157b4d65e675e53c3182dc4c01cee75efe9b7",
    "https://dev.cdn.unyt.org/unyt_core/runtime/deno_indexeddb.ts": "b45007e4640537c5722a95710abdac79cec5c98aa1afd3939900d28cdcecc663",
    "https://dev.cdn.unyt.org/unyt_core/runtime/display.ts": "a614d0cdf03309b7ebe32713c03bebb175c953fc3c3c6367f0012f8a3570ba7f",
    "https://dev.cdn.unyt.org/unyt_core/runtime/endpoint_config.ts": "0b416718e3d4cc94d0f4169c787735122ac412915de5f70decdbed3480de0b58",
    "https://dev.cdn.unyt.org/unyt_core/runtime/io_handler.ts": "4dc30a3f6a005704844ce0fb33f43acc7a6fc72d60e4129eed6c320251107f68",
    "https://dev.cdn.unyt.org/unyt_core/runtime/js_interface.ts": "b7ec2e4056ce9ec13845360846d8a45543ed37500641c0ba10c26136303fd584",
    "https://dev.cdn.unyt.org/unyt_core/runtime/local_storage.ts": "efd8b7aaccd0bc2b670dc4f39b6a6e391fa5d504236b59ff471af0e4fc5214a8",
    "https://dev.cdn.unyt.org/unyt_core/runtime/performance_measure.ts": "ec6a72315c9e0924abbb9c9667edd1dfc28245d8b2b743332a8f0997f2fc6b4d",
    "https://dev.cdn.unyt.org/unyt_core/runtime/pointers.ts": "472ae78eaf998d5cf5560ac76af55566d820c96b69d6bbddc46071c49ee674e9",
    "https://dev.cdn.unyt.org/unyt_core/runtime/runtime.ts": "5ff6bda36b5ea17cf1bead4965aaa9435893ba93918db87b1b47fa1deaaa84ed",
    "https://dev.cdn.unyt.org/unyt_core/runtime/storage.ts": "1c63c2cfd5f331893b140939f379aed771decdf6ed9198d2e1e306fa9e10852a",
    "https://dev.cdn.unyt.org/unyt_core/types/abstract_types.ts": "04ad3192b3b0973fdf28f730dd6f16feb63b6d9ea0963e280d035889d8abb0c8",
    "https://dev.cdn.unyt.org/unyt_core/types/addressing.ts": "b36ef6b6c3253826f4d056d6cbe184987022aa99650355fe04505aff5a9ee307",
    "https://dev.cdn.unyt.org/unyt_core/types/assertion.ts": "f1e3d60a2e03d623b4873bee597d7178b161d4a91b9fcadbcbf957c550197f8a",
    "https://dev.cdn.unyt.org/unyt_core/types/deferred.ts": "7d660af810d2ab773dfeafce0c88af89b76c3d4abf3d2aa14c4313537e3aac27",
    "https://dev.cdn.unyt.org/unyt_core/types/error_codes.ts": "e4c8c23a07a5e71c70a6c2769de73f45547a4086152155b84ac080699bfb02ea",
    "https://dev.cdn.unyt.org/unyt_core/types/errors.ts": "e642e2c4b0f8dd773885fe95f13b913a87e87d144fd2d46479da559936dba7a2",
    "https://dev.cdn.unyt.org/unyt_core/types/function.ts": "17994d1383a1dc3fbf441e29990e8ff1d60a436d1b9cc30407f92e8e8958918f",
    "https://dev.cdn.unyt.org/unyt_core/types/iterator.ts": "cb9c82d6053b2531bf37b0bc0c9032c9c668cee687948c93d8225c07bd7fab93",
    "https://dev.cdn.unyt.org/unyt_core/types/logic.ts": "16a1dca2b5703ab26767d79e47f73277adbaa4040fb47cac911fe7d9e4bbf5d8",
    "https://dev.cdn.unyt.org/unyt_core/types/markdown.ts": "f6d6419dd79859557f10b982e16d6d3d34c7f8e63095fe037bb9ada3aeb30e37",
    "https://dev.cdn.unyt.org/unyt_core/types/native_types.ts": "f6260ce0c0307b1307e106adf97963355df522e23c72dd615f14ba0eefd65133",
    "https://dev.cdn.unyt.org/unyt_core/types/object.ts": "9711f523ae51ebf53f992837e921dbe7b572f4150a1379a6ac6d0b240ed978dd",
    "https://dev.cdn.unyt.org/unyt_core/types/quantity.ts": "f2ca8f563964d85a0cd7cd0b7fa060e974da10f697ea4273e6e4f7f3182d8043",
    "https://dev.cdn.unyt.org/unyt_core/types/scope.ts": "336640adfe5c7bd3483daadb5c1b9c7723bb5bd442b60ae6c9bf6d772fc68280",
    "https://dev.cdn.unyt.org/unyt_core/types/stream.ts": "aacbd402d53b2b05c05b374050869c8511b6d8e3fe5cc2df3ed526df43fde5ef",
    "https://dev.cdn.unyt.org/unyt_core/types/task.ts": "b5073e9682ca9cb93b44646e0fbe7896f96cd369d151a94d2d11728e5d7e2da9",
    "https://dev.cdn.unyt.org/unyt_core/types/time.ts": "4ea90eafedad768e43dc6f8cdc20018fb2264fc19e6bf58bc1aecf35766d6e61",
    "https://dev.cdn.unyt.org/unyt_core/types/tuple.ts": "798c635102d46f4c29903f82fb50cd1f6c0449eb0090654ae08e59e9ae98a80e",
    "https://dev.cdn.unyt.org/unyt_core/types/type.ts": "0c3cb41e3db6e544da206ff8300689ccb7dcee908a8c6bbde25d6b2efee50160",
    "https://dev.cdn.unyt.org/unyt_core/utils/ansi_compat.ts": "5eb9e42f1b38a4b0e9143f1349fcb31f2950a979aa154b5b64bc4c97b405bda6",
    "https://dev.cdn.unyt.org/unyt_core/utils/auto_map.ts": "b6abdc7c834fe6bbfd9c1d12f7e7cef4fa7c3164674e110085441d3be7452410",
    "https://dev.cdn.unyt.org/unyt_core/utils/caller_metadata.ts": "17212560fddb4ea631fcdb673af28f6d25227142602d4346c464d147256d2b33",
    "https://dev.cdn.unyt.org/unyt_core/utils/global_types.ts": "93f4c99c9362e56655d5a446d91dff21a44cbb6451ce8f0934dfeb5c0a2d6423",
    "https://dev.cdn.unyt.org/unyt_core/utils/global_values.ts": "ce69fbf958563b4fd1f72e69bb061eb259b4ccc2024245db23a16d081f48b129",
    "https://dev.cdn.unyt.org/unyt_core/utils/local_files.ts": "f81613b5aecc4d4b1fbf6884d3acb7785cb656d72fe9e6cf81dbe3f0c8264993",
    "https://dev.cdn.unyt.org/unyt_core/utils/logger.ts": "d8f11ca090c57acb202aa9ec404d37d84fb626e7619d11d17aa662af98667873",
    "https://dev.cdn.unyt.org/unyt_core/utils/message_logger.ts": "f8e76e19d98e07cf64d7c955d7e1a59a9f686b14fe37817271d1146eb71b31c4",
    "https://dev.cdn.unyt.org/unyt_core/utils/observers.ts": "df82f2dfbc0189d7f3f6d1f21461ac4a329a6dbbd7ec1bd72d3cd2f5afada9a6",
    "https://dev.cdn.unyt.org/unyt_core/utils/polyfills.ts": "1f47a967c5813e8a465ca985af8a5867884f8aadd8d763d361b548121fbc6ccf",
    "https://dev.cdn.unyt.org/unyt_core/utils/utils.ts": "a6977fe040a4295c0c6006b4e1a0e414cfbb56ffe8f6b1e8b18274fdfbdc89b9",
    "https://dev.cdn.unyt.org/unyt_core/wasm/adapter/pkg/datex_wasm.js": "e9416983fb275de1cd28849c3cb85ba3d3be05032e9246c73fe217e7a2d422c5",
    "https://dev.cdn.unyt.org/unyt_node/path.ts": "ca9bdc82707f960e8e0a71cfe7d62e74f74d060a86f24240f0dae4355c4a1799"
  }
}
