{
  "version": "2",
  "remote": {
    "https://cdn.unyt.org/unyt_core/compiler/binary_codes.ts": "d56c825d1994136bfa77e67e429a4f5ef340ad7c260c0f5b9a75d06cab2f8a69",
    "https://cdn.unyt.org/unyt_core/compiler/compiler.ts": "976421feed14fa1dd02a62bba87bfd9a03ff8458ad242072b97d959ad79754fa",
    "https://cdn.unyt.org/unyt_core/compiler/protocol_types.ts": "98114be167ae672773d6176b6014e1710838d6bcb81a3686c1525e95e18fb815",
    "https://cdn.unyt.org/unyt_core/compiler/tokens_regex.ts": "0396563b977f80f54451c3723e70b4e9b29865271ebae883ba54707fdeed30fd",
    "https://cdn.unyt.org/unyt_core/compiler/unit_codes.ts": "0da02d162eed5583c30130eea7d3f013bc09e1c5e274d1b3c41566cb71ef22a1",
    "https://cdn.unyt.org/unyt_core/datex.ts": "85e67e939dc9c8a0fdc27b706eca4eacb988ce242dde9792355442f54b112150",
    "https://cdn.unyt.org/unyt_core/datex_all.ts": "fa5c54b1520d754edbcf94242f87bb2425dddb66dc88c406a9146a17cf50fb90",
    "https://cdn.unyt.org/unyt_core/datex_short.ts": "43f005d24563069e70646aa1e28d23844e01185df7a7e851dcb87a281d298e84",
    "https://cdn.unyt.org/unyt_core/js_adapter/js_class_adapter.ts": "605b9cb2bd9efbb164f95005db37b0a6abe48d3b8e40c73c11fa7bdf16a14b16",
    "https://cdn.unyt.org/unyt_core/js_adapter/legacy_decorators.ts": "74393ea59a5c0238c84dd580292cbcaf0b4259ac1101e042d2382fc3162a92c5",
    "https://cdn.unyt.org/unyt_core/lib/localforage/drivers/indexeddb.js": "94a6cfe0f3bfbe677bae59127c991405d68c4c54ae4d3dbbdb56072a471ece02",
    "https://cdn.unyt.org/unyt_core/lib/localforage/drivers/localstorage.js": "62f07f7063c3ff385f307b0cf84f8daf10e3896b623e720c39ee5daab68863d1",
    "https://cdn.unyt.org/unyt_core/lib/localforage/drivers/websql.js": "5c69bdff0af1cbc3103feb76964490817e221091dc3ae573c8f9a94a78437609",
    "https://cdn.unyt.org/unyt_core/lib/localforage/localforage.js": "8bde4fb43ce0bfe34b9f7b7362be63a9674628192718af25b7eabfc2ba7da385",
    "https://cdn.unyt.org/unyt_core/lib/localforage/utils/createBlob.js": "14dd379f079966554b93c6982f6a57b6334d39d500d14592a90a25f057ffb1a0",
    "https://cdn.unyt.org/unyt_core/lib/localforage/utils/executeCallback.js": "385bde0bcbeb7bb0916a18f9fa13e087bef6e8c73322c6cea921a7d2a9faaf76",
    "https://cdn.unyt.org/unyt_core/lib/localforage/utils/executeTwoCallbacks.js": "0ab6f19a2645c8af6657c55faba1760de0510706d5f0ad7c433a9a28a8f22b8b",
    "https://cdn.unyt.org/unyt_core/lib/localforage/utils/getCallback.js": "7c6d36433132aa416fce88915f004fa4a5520a70bb6c3cc775b1da9373bba25b",
    "https://cdn.unyt.org/unyt_core/lib/localforage/utils/idb.js": "1e7f31e75cab1bd86f475db87faa3b469b07b24503d60840a4902b7b4c38f768",
    "https://cdn.unyt.org/unyt_core/lib/localforage/utils/includes.js": "6a2598464f6b0ada6d9442b86c6339aa307a155b9be15eaea38c5d343da8c5ce",
    "https://cdn.unyt.org/unyt_core/lib/localforage/utils/isArray.js": "33b7af80a36b73e20fb8464e91d4a398477d4ea47a7f8f077dafd99e53d647fb",
    "https://cdn.unyt.org/unyt_core/lib/localforage/utils/isIndexedDBValid.js": "758336bc6f5630f74b2c902de4f56f0bed015d71369e0d67bd4fbf480607cd57",
    "https://cdn.unyt.org/unyt_core/lib/localforage/utils/isLocalStorageValid.js": "64e1fa95986ff2dc2aa66b6f064ac72bc06cc56fa28d3c3dd0ea18cc5aa0df7c",
    "https://cdn.unyt.org/unyt_core/lib/localforage/utils/isWebSQLValid.js": "a2cb2bc344ad4fc3d9bd66e59b03765d15e5695896be5ef43ddf7c00c8005090",
    "https://cdn.unyt.org/unyt_core/lib/localforage/utils/normalizeKey.js": "57ed80a6f574511682e1575ebcb8cfe57652bddb36252642372168312d054082",
    "https://cdn.unyt.org/unyt_core/lib/localforage/utils/promise.js": "553a6e73bfe59e43390c7f88514574d4284eef5e34ce7cdbf93c3d9c6347c559",
    "https://cdn.unyt.org/unyt_core/lib/localforage/utils/serializer.js": "5960c40deb26d81ca4841c9fe829a5305ea09bfd3d9deb6c1d74875934923b03",
    "https://cdn.unyt.org/unyt_core/lib/marked.js": "0a1fa6c8bbe5f691c8d5bed2041fdfb9e22494bd3caca2cbc076cb142c19b014",
    "https://cdn.unyt.org/unyt_core/lib/reflect-metadata/Reflect.js": "4a581d003724a81158790c8864804545c84af25b8635406047c0069c8ebd2e01",
    "https://cdn.unyt.org/unyt_core/network/blockchain_adapter.ts": "489e92ee5d8a62502fab14f17b872b7de27c28e5b4e399fb8658b0ddfb471322",
    "https://cdn.unyt.org/unyt_core/network/client.ts": "d6d5f93c75b89b405922a42c1fb2403efbdbd79b44508f19348cfbbc765c199b",
    "https://cdn.unyt.org/unyt_core/network/network_utils.ts": "531615aa700a8d10e0bfaa3c8f79c247f98e69add0005a2898c532ae3d0a57d2",
    "https://cdn.unyt.org/unyt_core/network/supranet.ts": "2e675230958bee03538ac6656ba7a377a560dd4401c81ff47c6d2cab2eea6e32",
    "https://cdn.unyt.org/unyt_core/network/unyt.ts": "f51105d75ad817bd85773bf66a38948e8d38099e7696d290a71af8c2677fe92a",
    "https://cdn.unyt.org/unyt_core/runtime/constants.ts": "fd4f9aada8272a5402371b5e77f1ed59fb37a6d350decef22584782e59c2290d",
    "https://cdn.unyt.org/unyt_core/runtime/crypto.ts": "d8011f1e7a73bf35a476b2ffb23cdbdfedcb0ff531a2acdcbf02affd73712973",
    "https://cdn.unyt.org/unyt_core/runtime/debugger.ts": "ad1b12229b5d8749107e12a5b6c157b4d65e675e53c3182dc4c01cee75efe9b7",
    "https://cdn.unyt.org/unyt_core/runtime/decompiler.ts": "6f44e9b0043bbc7cf793694182582ef1cfb254487935327ae16682f0b72a2a80",
    "https://cdn.unyt.org/unyt_core/runtime/endpoint_config.ts": "953b9e45a526483ba7b9aa71f4a4603099021b2864775c54b285095ef2a3576e",
    "https://cdn.unyt.org/unyt_core/runtime/io_handler.ts": "d4cd3c335c45c23f93ce9058264752eb11f02e58637579fda0a81005a7044404",
    "https://cdn.unyt.org/unyt_core/runtime/js_interface.ts": "e81942fe73cf5778a26f7faf7dd04c9a3122fd118243a57c01722966e9f1159f",
    "https://cdn.unyt.org/unyt_core/runtime/local_storage.ts": "23dd338dfa6ec0cd69f85e161bc1ce092f4f04d50a5d907c18284c69262c4a1d",
    "https://cdn.unyt.org/unyt_core/runtime/performance_measure.ts": "ec6a72315c9e0924abbb9c9667edd1dfc28245d8b2b743332a8f0997f2fc6b4d",
    "https://cdn.unyt.org/unyt_core/runtime/pointers.ts": "3d42908f8d04e9b0440f4aecb3079fd66463b04b78619c1a6f7824db8a1d3ce5",
    "https://cdn.unyt.org/unyt_core/runtime/runtime.ts": "ca4a75719cbc1f6a3891e2b670a4ceb9d14470bd8f82b132fb6cce245b3ba87a",
    "https://cdn.unyt.org/unyt_core/runtime/storage.ts": "c3e7c18ffbdcdb91aa4bd2681dc3a2880319337bc5375985542177c4b97b33f4",
    "https://cdn.unyt.org/unyt_core/types/abstract_types.ts": "04ad3192b3b0973fdf28f730dd6f16feb63b6d9ea0963e280d035889d8abb0c8",
    "https://cdn.unyt.org/unyt_core/types/addressing.ts": "20c1dc3fca18582f613cc63fb776b244d27bc2c0b4e70d63847697c17fefc9e6",
    "https://cdn.unyt.org/unyt_core/types/assertion.ts": "8269f1b399385622806b25c494a1d2c6b26b369ca5f67fe7ecba644dc47614c5",
    "https://cdn.unyt.org/unyt_core/types/blockchain.ts": "e87ee2d8f0e8a6ba8e2575b509286e0d00668fe736f540880c488a72f440d338",
    "https://cdn.unyt.org/unyt_core/types/error_codes.ts": "e4c8c23a07a5e71c70a6c2769de73f45547a4086152155b84ac080699bfb02ea",
    "https://cdn.unyt.org/unyt_core/types/errors.ts": "c7b38416823e5b61baf53984dd7be3076b617b39d69cc5e2ef52e1f6170eb88c",
    "https://cdn.unyt.org/unyt_core/types/function.ts": "34dca23b2ac22ad0948ec2e8efb5a76f2855ecaaca7e8e329f92ab1ffb67016e",
    "https://cdn.unyt.org/unyt_core/types/iterator.ts": "cb9c82d6053b2531bf37b0bc0c9032c9c668cee687948c93d8225c07bd7fab93",
    "https://cdn.unyt.org/unyt_core/types/logic.ts": "64c14696fa95d7372adf1f63f20d86201f297056ef0ee4f7db958df20510927a",
    "https://cdn.unyt.org/unyt_core/types/markdown.ts": "a6eed97c06cbe1a0424b7d3e7f7d677044a789dfee7e1c7bd8e4f63c36a89237",
    "https://cdn.unyt.org/unyt_core/types/maybe.ts": "260e67be560ceac15a489fab2111b0dead482b7ce3d2bbf72c0bcb20eb1af577",
    "https://cdn.unyt.org/unyt_core/types/native_types.ts": "1573c25eb6c4ac58113bbf63f924a6ae6b72048ee0dd5dd5e2443ff111573c5c",
    "https://cdn.unyt.org/unyt_core/types/object.ts": "413e2a947b9dd03197fc9de87189af0a6a1e840fa5d710bbe2813d20998917fd",
    "https://cdn.unyt.org/unyt_core/types/quantity.ts": "103273f37ccbdcf85d2b71096f1f047ebcbeb4f6726e1d6628e7bc1dd7fe5f3d",
    "https://cdn.unyt.org/unyt_core/types/scope.ts": "961d22a4167167507953f3376c5d47e2358be00d5e4fa838397f78fff5dda4ea",
    "https://cdn.unyt.org/unyt_core/types/stream.ts": "ff7a5acce9b1d98b9c93702eb0f39f5a42d3cbc64a11b91f9c54932ffb9b510a",
    "https://cdn.unyt.org/unyt_core/types/task.ts": "b5073e9682ca9cb93b44646e0fbe7896f96cd369d151a94d2d11728e5d7e2da9",
    "https://cdn.unyt.org/unyt_core/types/time.ts": "47d1fbb3b78de65bbda322817662699b77fc10a6fd0fcd7d292d1a9410315597",
    "https://cdn.unyt.org/unyt_core/types/tuple.ts": "c1b5196a254ee98ba50a44f3abe1a401cb38c996913d7d4ef23b348319694003",
    "https://cdn.unyt.org/unyt_core/types/type.ts": "101fa963b370cdc7d99d6312155f1cf6e64212db3ebc8d892f0cef58e6e88b7d",
    "https://cdn.unyt.org/unyt_core/utils/global_types.ts": "440555e4d07f442fea004186b8976f8739b94a253ff5984eb55a3ea2b626c6e6",
    "https://cdn.unyt.org/unyt_core/utils/global_values.ts": "1007a22b8e79260cb60d452dec3627571e82168aaa6b1be37f69077d7493e01d",
    "https://cdn.unyt.org/unyt_core/utils/logger.js": "705696e1778ce326f5309821cd7e8b3b09faace30de8b0d9c72356881a0c1622",
    "https://cdn.unyt.org/unyt_core/utils/logger.ts": "08ceda7b02e3b90157f28f0553f61ef7dc7bf3a21dacb93414f550fc7407ae09",
    "https://cdn.unyt.org/unyt_core/utils/message_logger.ts": "7027bc95dc6c41db2261bc914e6c63199828910898ea58fd8567a9cfe1c1a482",
    "https://cdn.unyt.org/unyt_core/utils/observers.ts": "df82f2dfbc0189d7f3f6d1f21461ac4a329a6dbbd7ec1bd72d3cd2f5afada9a6",
    "https://cdn.unyt.org/unyt_core/utils/utils.ts": "b9bb2501ae97976a57891caffe6193d30a2d0037202fe0a538f339f5bdc557f6",
    "https://cdn.unyt.org/unyt_core/wasm/adapter/pkg/datex_wasm.js": "077773c2cbd5040bdb1781390416dce3a647e69dd4a9d3e0cbd71ea26bee01cf",
    "https://deno.land/std@0.165.0/_util/asserts.ts": "d0844e9b62510f89ce1f9878b046f6a57bf88f208a10304aab50efcb48365272",
    "https://deno.land/std@0.165.0/flags/mod.ts": "3b459daf581e047819b6b799c92b96c81b4eecbd5ea025643d54dc0abc6ac923"
  }
}
